
Microsoft Visual Studio Solution File, Format Version 12.00
# Visual Studio 15
VisualStudioVersion = 15.0.28307.168
MinimumVisualStudioVersion = 10.0.40219.1
Project("{9A19103F-16F7-4668-BE54-9A1E7A4F7556}") = "asp-vue", "asp-vue.csproj", "{CF3C7934-B10F-470A-8151-C772662B1A3B}"
EndProject
Global
	GlobalSection(SolutionConfigurationPlatforms) = preSolution
		Debug|Any CPU = Debug|Any CPU
		Release|Any CPU = Release|Any CPU
	EndGlobalSection
	GlobalSection(ProjectConfigurationPlatforms) = postSolution
		{CF3C7934-B10F-470A-8151-C772662B1A3B}.Debug|Any CPU.ActiveCfg = Debug|Any CPU
		{CF3C7934-B10F-470A-8151-C772662B1A3B}.Debug|Any CPU.Build.0 = Debug|Any CPU
		{CF3C7934-B10F-470A-8151-C772662B1A3B}.Release|Any CPU.ActiveCfg = Release|Any CPU
		{CF3C7934-B10F-470A-8151-C772662B1A3B}.Release|Any CPU.Build.0 = Release|Any CPU
	EndGlobalSection
	GlobalSection(SolutionProperties) = preSolution
		HideSolutionNode = FALSE
	EndGlobalSection
	GlobalSection(ExtensibilityGlobals) = postSolution
		SolutionGuid = {0B48A996-0706-49ED-98E9-53C3A9DD4954}
	EndGlobalSection
EndGlobal
